
Microsoft Visual Studio Solution File, Format Version 12.00
# Visual Studio Version 17
VisualStudioVersion = 17.6.33829.357
MinimumVisualStudioVersion = 10.0.40219.1
Project("{FAE04EC0-301F-11D3-BF4B-00C04F79EFBC}") = "Demo", "Demo\Demo.csproj", "{66788953-31C6-4C86-B995-1FCE4AB39880}"
EndProject
Global
	GlobalSection(SolutionConfigurationPlatforms) = preSolution
		Debug|Any CPU = Debug|Any CPU
		Release|Any CPU = Release|Any CPU
	EndGlobalSection
	GlobalSection(ProjectConfigurationPlatforms) = postSolution
		{66788953-31C6-4C86-B995-1FCE4AB39880}.Debug|Any CPU.ActiveCfg = Debug|Any CPU
		{66788953-31C6-4C86-B995-1FCE4AB39880}.Debug|Any CPU.Build.0 = Debug|Any CPU
		{66788953-31C6-4C86-B995-1FCE4AB39880}.Debug|Any CPU.Deploy.0 = Debug|Any CPU
		{66788953-31C6-4C86-B995-1FCE4AB39880}.Release|Any CPU.ActiveCfg = Release|Any CPU
		{66788953-31C6-4C86-B995-1FCE4AB39880}.Release|Any CPU.Build.0 = Release|Any CPU
		{66788953-31C6-4C86-B995-1FCE4AB39880}.Release|Any CPU.Deploy.0 = Release|Any CPU
	EndGlobalSection
	GlobalSection(SolutionProperties) = preSolution
		HideSolutionNode = FALSE
	EndGlobalSection
	GlobalSection(ExtensibilityGlobals) = postSolution
		SolutionGuid = {938902EF-0A92-4EEB-9270-BBE5C2A36157}
	EndGlobalSection
EndGlobal
